// !$*UTF8*$!
{
	archiveVersion = 1;
	classes = {
	};
	objectVersion = 77;
	objects = {

/* Begin PBXBuildFile section */
		EB6C6AA12DBF8533002962B1 /* FirebaseAuth in Frameworks */ = {isa = PBXBuildFile; productRef = EB6C6AA02DBF8533002962B1 /* FirebaseAuth */; };
		EB6C6AA32DBF8533002962B1 /* FirebaseFirestore in Frameworks */ = {isa = PBXBuildFile; productRef = EB6C6AA22DBF8533002962B1 /* FirebaseFirestore */; };
		EBD7D5AA2DC192DC00806CB5 /* Stripe in Frameworks */ = {isa = PBXBuildFile; productRef = EBD7D5A92DC192DC00806CB5 /* Stripe */; };
		EBD7D5AC2DC192DC00806CB5 /* StripeApplePay in Frameworks */ = {isa = PBXBuildFile; productRef = EBD7D5AB2DC192DC00806CB5 /* StripeApplePay */; };
		EBD7D5AE2DC192DC00806CB5 /* StripeCardScan in Frameworks */ = {isa = PBXBuildFile; productRef = EBD7D5AD2DC192DC00806CB5 /* StripeCardScan */; };
		EBD7D5B02DC192DC00806CB5 /* StripeConnect in Frameworks */ = {isa = PBXBuildFile; productRef = EBD7D5AF2DC192DC00806CB5 /* StripeConnect */; };
		EBD7D5B22DC192DC00806CB5 /* StripeFinancialConnections in Frameworks */ = {isa = PBXBuildFile; productRef = EBD7D5B12DC192DC00806CB5 /* StripeFinancialConnections */; };
/* End PBXBuildFile section */

/* Begin PBXContainerItemProxy section */
		EB54980D2DA9F030009802DC /* PBXContainerItemProxy */ = {
			isa = PBXContainerItemProxy;
			containerPortal = EB5497F22DA9F02E009802DC /* Project object */;
			proxyType = 1;
			remoteGlobalIDString = EB5497F92DA9F02E009802DC;
			remoteInfo = VidCallApp;
		};
		EB5498172DA9F030009802DC /* PBXContainerItemProxy */ = {
			isa = PBXContainerItemProxy;
			containerPortal = EB5497F22DA9F02E009802DC /* Project object */;
			proxyType = 1;
			remoteGlobalIDString = EB5497F92DA9F02E009802DC;
			remoteInfo = VidCallApp;
		};
/* End PBXContainerItemProxy section */

/* Begin PBXFileReference section */
		EB5497FA2DA9F02E009802DC /* VidCallApp.app */ = {isa = PBXFileReference; explicitFileType = wrapper.application; includeInIndex = 0; path = VidCallApp.app; sourceTree = BUILT_PRODUCTS_DIR; };
		EB54980C2DA9F030009802DC /* VidCallAppTests.xctest */ = {isa = PBXFileReference; explicitFileType = wrapper.cfbundle; includeInIndex = 0; path = VidCallAppTests.xctest; sourceTree = BUILT_PRODUCTS_DIR; };
		EB5498162DA9F030009802DC /* VidCallAppUITests.xctest */ = {isa = PBXFileReference; explicitFileType = wrapper.cfbundle; includeInIndex = 0; path = VidCallAppUITests.xctest; sourceTree = BUILT_PRODUCTS_DIR; };
/* End PBXFileReference section */

/* Begin PBXFileSystemSynchronizedRootGroup section */
		EB5497FC2DA9F02E009802DC /* VidCallApp */ = {
			isa = PBXFileSystemSynchronizedRootGroup;
			path = VidCallApp;
			sourceTree = "<group>";
		};
		EB54980F2DA9F030009802DC /* VidCallAppTests */ = {
			isa = PBXFileSystemSynchronizedRootGroup;
			path = VidCallAppTests;
			sourceTree = "<group>";
		};
		EB5498192DA9F030009802DC /* VidCallAppUITests */ = {
			isa = PBXFileSystemSynchronizedRootGroup;
			path = VidCallAppUITests;
			sourceTree = "<group>";
		};
/* End PBXFileSystemSynchronizedRootGroup section */

/* Begin PBXFrameworksBuildPhase section */
		EB5497F72DA9F02E009802DC /* Frameworks */ = {
			isa = PBXFrameworksBuildPhase;
			buildActionMask = 2147483647;
			files = (
				EB6C6AA12DBF8533002962B1 /* FirebaseAuth in Frameworks */,
				EBD7D5AC2DC192DC00806CB5 /* StripeApplePay in Frameworks */,
				EB6C6AA32DBF8533002962B1 /* FirebaseFirestore in Frameworks */,
				EBD7D5B22DC192DC00806CB5 /* StripeFinancialConnections in Frameworks */,
				EBD7D5AE2DC192DC00806CB5 /* StripeCardScan in Frameworks */,
				EBD7D5B02DC192DC00806CB5 /* StripeConnect in Frameworks */,
				EBD7D5AA2DC192DC00806CB5 /* Stripe in Frameworks */,
			);
			runOnlyForDeploymentPostprocessing = 0;
		};
		EB5498092DA9F030009802DC /* Frameworks */ = {
			isa = PBXFrameworksBuildPhase;
			buildActionMask = 2147483647;
			files = (
			);
			runOnlyForDeploymentPostprocessing = 0;
		};
		EB5498132DA9F030009802DC /* Frameworks */ = {
			isa = PBXFrameworksBuildPhase;
			buildActionMask = 2147483647;
			files = (
			);
			runOnlyForDeploymentPostprocessing = 0;
		};
/* End PBXFrameworksBuildPhase section */

/* Begin PBXGroup section */
		EB5497F12DA9F02E009802DC = {
			isa = PBXGroup;
			children = (
				EB5497FC2DA9F02E009802DC /* VidCallApp */,
				EB54980F2DA9F030009802DC /* VidCallAppTests */,
				EB5498192DA9F030009802DC /* VidCallAppUITests */,
				EB5497FB2DA9F02E009802DC /* Products */,
			);
			sourceTree = "<group>";
		};
		EB5497FB2DA9F02E009802DC /* Products */ = {
			isa = PBXGroup;
			children = (
				EB5497FA2DA9F02E009802DC /* VidCallApp.app */,
				EB54980C2DA9F030009802DC /* VidCallAppTests.xctest */,
				EB5498162DA9F030009802DC /* VidCallAppUITests.xctest */,
			);
			name = Products;
			sourceTree = "<group>";
		};
/* End PBXGroup section */

/* Begin PBXNativeTarget section */
		EB5497F92DA9F02E009802DC /* VidCallApp */ = {
			isa = PBXNativeTarget;
			buildConfigurationList = EB5498202DA9F030009802DC /* Build configuration list for PBXNativeTarget "VidCallApp" */;
			buildPhases = (
				EB5497F62DA9F02E009802DC /* Sources */,
				EB5497F72DA9F02E009802DC /* Frameworks */,
				EB5497F82DA9F02E009802DC /* Resources */,
			);
			buildRules = (
			);
			dependencies = (
			);
			fileSystemSynchronizedGroups = (
				EB5497FC2DA9F02E009802DC /* VidCallApp */,
			);
			name = VidCallApp;
			packageProductDependencies = (
				EB6C6AA02DBF8533002962B1 /* FirebaseAuth */,
				EB6C6AA22DBF8533002962B1 /* FirebaseFirestore */,
				EBD7D5A92DC192DC00806CB5 /* Stripe */,
				EBD7D5AB2DC192DC00806CB5 /* StripeApplePay */,
				EBD7D5AD2DC192DC00806CB5 /* StripeCardScan */,
				EBD7D5AF2DC192DC00806CB5 /* StripeConnect */,
				EBD7D5B12DC192DC00806CB5 /* StripeFinancialConnections */,
			);
			productName = VidCallApp;
			productReference = EB5497FA2DA9F02E009802DC /* VidCallApp.app */;
			productType = "com.apple.product-type.application";
		};
		EB54980B2DA9F030009802DC /* VidCallAppTests */ = {
			isa = PBXNativeTarget;
			buildConfigurationList = EB5498232DA9F030009802DC /* Build configuration list for PBXNativeTarget "VidCallAppTests" */;
			buildPhases = (
				EB5498082DA9F030009802DC /* Sources */,
				EB5498092DA9F030009802DC /* Frameworks */,
				EB54980A2DA9F030009802DC /* Resources */,
			);
			buildRules = (
			);
			dependencies = (
				EB54980E2DA9F030009802DC /* PBXTargetDependency */,
			);
			fileSystemSynchronizedGroups = (
				EB54980F2DA9F030009802DC /* VidCallAppTests */,
			);
			name = VidCallAppTests;
			packageProductDependencies = (
			);
			productName = VidCallAppTests;
			productReference = EB54980C2DA9F030009802DC /* VidCallAppTests.xctest */;
			productType = "com.apple.product-type.bundle.unit-test";
		};
		EB5498152DA9F030009802DC /* VidCallAppUITests */ = {
			isa = PBXNativeTarget;
			buildConfigurationList = EB5498262DA9F030009802DC /* Build configuration list for PBXNativeTarget "VidCallAppUITests" */;
			buildPhases = (
				EB5498122DA9F030009802DC /* Sources */,
				EB5498132DA9F030009802DC /* Frameworks */,
				EB5498142DA9F030009802DC /* Resources */,
			);
			buildRules = (
			);
			dependencies = (
				EB5498182DA9F030009802DC /* PBXTargetDependency */,
			);
			fileSystemSynchronizedGroups = (
				EB5498192DA9F030009802DC /* VidCallAppUITests */,
			);
			name = VidCallAppUITests;
			packageProductDependencies = (
			);
			productName = VidCallAppUITests;
			productReference = EB5498162DA9F030009802DC /* VidCallAppUITests.xctest */;
			productType = "com.apple.product-type.bundle.ui-testing";
		};
/* End PBXNativeTarget section */

/* Begin PBXProject section */
		EB5497F22DA9F02E009802DC /* Project object */ = {
			isa = PBXProject;
			attributes = {
				BuildIndependentTargetsInParallel = 1;
				LastSwiftUpdateCheck = 1620;
				LastUpgradeCheck = 1620;
				TargetAttributes = {
					EB5497F92DA9F02E009802DC = {
						CreatedOnToolsVersion = 16.2;
					};
					EB54980B2DA9F030009802DC = {
						CreatedOnToolsVersion = 16.2;
						TestTargetID = EB5497F92DA9F02E009802DC;
					};
					EB5498152DA9F030009802DC = {
						CreatedOnToolsVersion = 16.2;
						TestTargetID = EB5497F92DA9F02E009802DC;
					};
				};
			};
			buildConfigurationList = EB5497F52DA9F02E009802DC /* Build configuration list for PBXProject "Viddy" */;
			developmentRegion = en;
			hasScannedForEncodings = 0;
			knownRegions = (
				en,
				Base,
			);
			mainGroup = EB5497F12DA9F02E009802DC;
			minimizedProjectReferenceProxies = 1;
			packageReferences = (
				EB6C6A9F2DBF8533002962B1 /* XCRemoteSwiftPackageReference "firebase-ios-sdk" */,
				EBD7D5A82DC192DC00806CB5 /* XCRemoteSwiftPackageReference "stripe-ios" */,
			);
			preferredProjectObjectVersion = 77;
			productRefGroup = EB5497FB2DA9F02E009802DC /* Products */;
			projectDirPath = "";
			projectRoot = "";
			targets = (
				EB5497F92DA9F02E009802DC /* VidCallApp */,
				EB54980B2DA9F030009802DC /* VidCallAppTests */,
				EB5498152DA9F030009802DC /* VidCallAppUITests */,
			);
		};
/* End PBXProject section */

/* Begin PBXResourcesBuildPhase section */
		EB5497F82DA9F02E009802DC /* Resources */ = {
			isa = PBXResourcesBuildPhase;
			buildActionMask = 2147483647;
			files = (
			);
			runOnlyForDeploymentPostprocessing = 0;
		};
		EB54980A2DA9F030009802DC /* Resources */ = {
			isa = PBXResourcesBuildPhase;
			buildActionMask = 2147483647;
			files = (
			);
			runOnlyForDeploymentPostprocessing = 0;
		};
		EB5498142DA9F030009802DC /* Resources */ = {
			isa = PBXResourcesBuildPhase;
			buildActionMask = 2147483647;
			files = (
			);
			runOnlyForDeploymentPostprocessing = 0;
		};
/* End PBXResourcesBuildPhase section */

/* Begin PBXSourcesBuildPhase section */
		EB5497F62DA9F02E009802DC /* Sources */ = {
			isa = PBXSourcesBuildPhase;
			buildActionMask = 2147483647;
			files = (
			);
			runOnlyForDeploymentPostprocessing = 0;
		};
		EB5498082DA9F030009802DC /* Sources */ = {
			isa = PBXSourcesBuildPhase;
			buildActionMask = 2147483647;
			files = (
			);
			runOnlyForDeploymentPostprocessing = 0;
		};
		EB5498122DA9F030009802DC /* Sources */ = {
			isa = PBXSourcesBuildPhase;
			buildActionMask = 2147483647;
			files = (
			);
			runOnlyForDeploymentPostprocessing = 0;
		};
/* End PBXSourcesBuildPhase section */

/* Begin PBXTargetDependency section */
		EB54980E2DA9F030009802DC /* PBXTargetDependency */ = {
			isa = PBXTargetDependency;
			target = EB5497F92DA9F02E009802DC /* VidCallApp */;
			targetProxy = EB54980D2DA9F030009802DC /* PBXContainerItemProxy */;
		};
		EB5498182DA9F030009802DC /* PBXTargetDependency */ = {
			isa = PBXTargetDependency;
			target = EB5497F92DA9F02E009802DC /* VidCallApp */;
			targetProxy = EB5498172DA9F030009802DC /* PBXContainerItemProxy */;
		};
/* End PBXTargetDependency section */

/* Begin XCBuildConfiguration section */
		EB54981E2DA9F030009802DC /* Debug */ = {
			isa = XCBuildConfiguration;
			buildSettings = {
				ALWAYS_SEARCH_USER_PATHS = NO;
				ASSETCATALOG_COMPILER_GENERATE_SWIFT_ASSET_SYMBOL_EXTENSIONS = YES;
				CLANG_ANALYZER_NONNULL = YES;
				CLANG_ANALYZER_NUMBER_OBJECT_CONVERSION = YES_AGGRESSIVE;
				CLANG_CXX_LANGUAGE_STANDARD = "gnu++20";
				CLANG_ENABLE_MODULES = YES;
				CLANG_ENABLE_OBJC_ARC = YES;
				CLANG_ENABLE_OBJC_WEAK = YES;
				CLANG_WARN_BLOCK_CAPTURE_AUTORELEASING = YES;
				CLANG_WARN_BOOL_CONVERSION = YES;
				CLANG_WARN_COMMA = YES;
				CLANG_WARN_CONSTANT_CONVERSION = YES;
				CLANG_WARN_DEPRECATED_OBJC_IMPLEMENTATIONS = YES;
				CLANG_WARN_DIRECT_OBJC_ISA_USAGE = YES_ERROR;
				CLANG_WARN_DOCUMENTATION_COMMENTS = YES;
				CLANG_WARN_EMPTY_BODY = YES;
				CLANG_WARN_ENUM_CONVERSION = YES;
				CLANG_WARN_INFINITE_RECURSION = YES;
				CLANG_WARN_INT_CONVERSION = YES;
				CLANG_WARN_NON_LITERAL_NULL_CONVERSION = YES;
				CLANG_WARN_OBJC_IMPLICIT_RETAIN_SELF = YES;
				CLANG_WARN_OBJC_LITERAL_CONVERSION = YES;
				CLANG_WARN_OBJC_ROOT_CLASS = YES_ERROR;
				CLANG_WARN_QUOTED_INCLUDE_IN_FRAMEWORK_HEADER = YES;
				CLANG_WARN_RANGE_LOOP_ANALYSIS = YES;
				CLANG_WARN_STRICT_PROTOTYPES = YES;
				CLANG_WARN_SUSPICIOUS_MOVE = YES;
				CLANG_WARN_UNGUARDED_AVAILABILITY = YES_AGGRESSIVE;
				CLANG_WARN_UNREACHABLE_CODE = YES;
				CLANG_WARN__DUPLICATE_METHOD_MATCH = YES;
				COPY_PHASE_STRIP = NO;
				DEBUG_INFORMATION_FORMAT = dwarf;
				ENABLE_STRICT_OBJC_MSGSEND = YES;
				ENABLE_TESTABILITY = YES;
				ENABLE_USER_SCRIPT_SANDBOXING = YES;
				GCC_C_LANGUAGE_STANDARD = gnu17;
				GCC_DYNAMIC_NO_PIC = NO;
				GCC_NO_COMMON_BLOCKS = YES;
				GCC_OPTIMIZATION_LEVEL = 0;
				GCC_PREPROCESSOR_DEFINITIONS = (
					"DEBUG=1",
					"$(inherited)",
				);
				GCC_WARN_64_TO_32_BIT_CONVERSION = YES;
				GCC_WARN_ABOUT_RETURN_TYPE = YES_ERROR;
				GCC_WARN_UNDECLARED_SELECTOR = YES;
				GCC_WARN_UNINITIALIZED_AUTOS = YES_AGGRESSIVE;
				GCC_WARN_UNUSED_FUNCTION = YES;
				GCC_WARN_UNUSED_VARIABLE = YES;
				IPHONEOS_DEPLOYMENT_TARGET = 18.2;
				LOCALIZATION_PREFERS_STRING_CATALOGS = YES;
				MTL_ENABLE_DEBUG_INFO = INCLUDE_SOURCE;
				MTL_FAST_MATH = YES;
				ONLY_ACTIVE_ARCH = YES;
				SDKROOT = iphoneos;
				SWIFT_ACTIVE_COMPILATION_CONDITIONS = "DEBUG $(inherited)";
				SWIFT_OPTIMIZATION_LEVEL = "-Onone";
			};
			name = Debug;
		};
		EB54981F2DA9F030009802DC /* Release */ = {
			isa = XCBuildConfiguration;
			buildSettings = {
				ALWAYS_SEARCH_USER_PATHS = NO;
				ASSETCATALOG_COMPILER_GENERATE_SWIFT_ASSET_SYMBOL_EXTENSIONS = YES;
				CLANG_ANALYZER_NONNULL = YES;
				CLANG_ANALYZER_NUMBER_OBJECT_CONVERSION = YES_AGGRESSIVE;
				CLANG_CXX_LANGUAGE_STANDARD = "gnu++20";
				CLANG_ENABLE_MODULES = YES;
				CLANG_ENABLE_OBJC_ARC = YES;
				CLANG_ENABLE_OBJC_WEAK = YES;
				CLANG_WARN_BLOCK_CAPTURE_AUTORELEASING = YES;
				CLANG_WARN_BOOL_CONVERSION = YES;
				CLANG_WARN_COMMA = YES;
				CLANG_WARN_CONSTANT_CONVERSION = YES;
				CLANG_WARN_DEPRECATED_OBJC_IMPLEMENTATIONS = YES;
				CLANG_WARN_DIRECT_OBJC_ISA_USAGE = YES_ERROR;
				CLANG_WARN_DOCUMENTATION_COMMENTS = YES;
				CLANG_WARN_EMPTY_BODY = YES;
				CLANG_WARN_ENUM_CONVERSION = YES;
				CLANG_WARN_INFINITE_RECURSION = YES;
				CLANG_WARN_INT_CONVERSION = YES;
				CLANG_WARN_NON_LITERAL_NULL_CONVERSION = YES;
				CLANG_WARN_OBJC_IMPLICIT_RETAIN_SELF = YES;
				CLANG_WARN_OBJC_LITERAL_CONVERSION = YES;
				CLANG_WARN_OBJC_ROOT_CLASS = YES_ERROR;
				CLANG_WARN_QUOTED_INCLUDE_IN_FRAMEWORK_HEADER = YES;
				CLANG_WARN_RANGE_LOOP_ANALYSIS = YES;
				CLANG_WARN_STRICT_PROTOTYPES = YES;
				CLANG_WARN_SUSPICIOUS_MOVE = YES;
				CLANG_WARN_UNGUARDED_AVAILABILITY = YES_AGGRESSIVE;
				CLANG_WARN_UNREACHABLE_CODE = YES;
				CLANG_WARN__DUPLICATE_METHOD_MATCH = YES;
				COPY_PHASE_STRIP = NO;
				DEBUG_INFORMATION_FORMAT = "dwarf-with-dsym";
				ENABLE_NS_ASSERTIONS = NO;
				ENABLE_STRICT_OBJC_MSGSEND = YES;
				ENABLE_USER_SCRIPT_SANDBOXING = YES;
				GCC_C_LANGUAGE_STANDARD = gnu17;
				GCC_NO_COMMON_BLOCKS = YES;
				GCC_WARN_64_TO_32_BIT_CONVERSION = YES;
				GCC_WARN_ABOUT_RETURN_TYPE = YES_ERROR;
				GCC_WARN_UNDECLARED_SELECTOR = YES;
				GCC_WARN_UNINITIALIZED_AUTOS = YES_AGGRESSIVE;
				GCC_WARN_UNUSED_FUNCTION = YES;
				GCC_WARN_UNUSED_VARIABLE = YES;
				IPHONEOS_DEPLOYMENT_TARGET = 18.2;
				LOCALIZATION_PREFERS_STRING_CATALOGS = YES;
				MTL_ENABLE_DEBUG_INFO = NO;
				MTL_FAST_MATH = YES;
				SDKROOT = iphoneos;
				SWIFT_COMPILATION_MODE = wholemodule;
				VALIDATE_PRODUCT = YES;
			};
			name = Release;
		};
		EB5498212DA9F030009802DC /* Debug */ = {
			isa = XCBuildConfiguration;
			buildSettings = {
				ASSETCATALOG_COMPILER_APPICON_NAME = AppIcon;
				ASSETCATALOG_COMPILER_GLOBAL_ACCENT_COLOR_NAME = AccentColor;
				ASSETCATALOG_COMPILER_INCLUDE_ALL_APPICON_ASSETS = NO;
				CODE_SIGN_STYLE = Automatic;
				CURRENT_PROJECT_VERSION = 1;
				DEVELOPMENT_ASSET_PATHS = "\"VidCallApp/Preview Content\"";
				DEVELOPMENT_TEAM = B87FXU7T49;
				ENABLE_PREVIEWS = YES;
				GENERATE_INFOPLIST_FILE = YES;
				INFOPLIST_KEY_UIApplicationSceneManifest_Generation = YES;
				INFOPLIST_KEY_UIApplicationSupportsIndirectInputEvents = YES;
				INFOPLIST_KEY_UILaunchScreen_Generation = YES;
				INFOPLIST_KEY_UISupportedInterfaceOrientations_iPad = "UIInterfaceOrientationPortrait UIInterfaceOrientationPortraitUpsideDown UIInterfaceOrientationLandscapeLeft UIInterfaceOrientationLandscapeRight";
				INFOPLIST_KEY_UISupportedInterfaceOrientations_iPhone = "UIInterfaceOrientationPortrait UIInterfaceOrientationLandscapeLeft UIInterfaceOrientationLandscapeRight";
				LD_RUNPATH_SEARCH_PATHS = (
					"$(inherited)",
					"@executable_path/Frameworks",
				);
				MARKETING_VERSION = 1.0;
				PRODUCT_BUNDLE_IDENTIFIER = vca.VidCallApp;
				PRODUCT_NAME = "$(TARGET_NAME)";
				SWIFT_EMIT_LOC_STRINGS = YES;
				SWIFT_VERSION = 5.0;
				TARGETED_DEVICE_FAMILY = "1,2";
			};
			name = Debug;
		};
		EB5498222DA9F030009802DC /* Release */ = {
			isa = XCBuildConfiguration;
			buildSettings = {
				ASSETCATALOG_COMPILER_APPICON_NAME = AppIcon;
				ASSETCATALOG_COMPILER_GLOBAL_ACCENT_COLOR_NAME = AccentColor;
				ASSETCATALOG_COMPILER_INCLUDE_ALL_APPICON_ASSETS = NO;
				CODE_SIGN_STYLE = Automatic;
				CURRENT_PROJECT_VERSION = 1;
				DEVELOPMENT_ASSET_PATHS = "\"VidCallApp/Preview Content\"";
				DEVELOPMENT_TEAM = B87FXU7T49;
				ENABLE_PREVIEWS = YES;
				GENERATE_INFOPLIST_FILE = YES;
				INFOPLIST_KEY_UIApplicationSceneManifest_Generation = YES;
				INFOPLIST_KEY_UIApplicationSupportsIndirectInputEvents = YES;
				INFOPLIST_KEY_UILaunchScreen_Generation = YES;
				INFOPLIST_KEY_UISupportedInterfaceOrientations_iPad = "UIInterfaceOrientationPortrait UIInterfaceOrientationPortraitUpsideDown UIInterfaceOrientationLandscapeLeft UIInterfaceOrientationLandscapeRight";
				INFOPLIST_KEY_UISupportedInterfaceOrientations_iPhone = "UIInterfaceOrientationPortrait UIInterfaceOrientationLandscapeLeft UIInterfaceOrientationLandscapeRight";
				LD_RUNPATH_SEARCH_PATHS = (
					"$(inherited)",
					"@executable_path/Frameworks",
				);
				MARKETING_VERSION = 1.0;
				PRODUCT_BUNDLE_IDENTIFIER = vca.VidCallApp;
				PRODUCT_NAME = "$(TARGET_NAME)";
				SWIFT_EMIT_LOC_STRINGS = YES;
				SWIFT_VERSION = 5.0;
				TARGETED_DEVICE_FAMILY = "1,2";
			};
			name = Release;
		};
		EB5498242DA9F030009802DC /* Debug */ = {
			isa = XCBuildConfiguration;
			buildSettings = {
				BUNDLE_LOADER = "$(TEST_HOST)";
				CODE_SIGN_STYLE = Automatic;
				CURRENT_PROJECT_VERSION = 1;
				GENERATE_INFOPLIST_FILE = YES;
				IPHONEOS_DEPLOYMENT_TARGET = 18.2;
				MARKETING_VERSION = 1.0;
				PRODUCT_BUNDLE_IDENTIFIER = vca.VidCallAppTests;
				PRODUCT_NAME = "$(TARGET_NAME)";
				SWIFT_EMIT_LOC_STRINGS = NO;
				SWIFT_VERSION = 5.0;
				TARGETED_DEVICE_FAMILY = "1,2";
				TEST_HOST = "$(BUILT_PRODUCTS_DIR)/VidCallApp.app/$(BUNDLE_EXECUTABLE_FOLDER_PATH)/VidCallApp";
			};
			name = Debug;
		};
		EB5498252DA9F030009802DC /* Release */ = {
			isa = XCBuildConfiguration;
			buildSettings = {
				BUNDLE_LOADER = "$(TEST_HOST)";
				CODE_SIGN_STYLE = Automatic;
				CURRENT_PROJECT_VERSION = 1;
				GENERATE_INFOPLIST_FILE = YES;
				IPHONEOS_DEPLOYMENT_TARGET = 18.2;
				MARKETING_VERSION = 1.0;
				PRODUCT_BUNDLE_IDENTIFIER = vca.VidCallAppTests;
				PRODUCT_NAME = "$(TARGET_NAME)";
				SWIFT_EMIT_LOC_STRINGS = NO;
				SWIFT_VERSION = 5.0;
				TARGETED_DEVICE_FAMILY = "1,2";
				TEST_HOST = "$(BUILT_PRODUCTS_DIR)/VidCallApp.app/$(BUNDLE_EXECUTABLE_FOLDER_PATH)/VidCallApp";
			};
			name = Release;
		};
		EB5498272DA9F030009802DC /* Debug */ = {
			isa = XCBuildConfiguration;
			buildSettings = {
				CODE_SIGN_STYLE = Automatic;
				CURRENT_PROJECT_VERSION = 1;
				GENERATE_INFOPLIST_FILE = YES;
				MARKETING_VERSION = 1.0;
				PRODUCT_BUNDLE_IDENTIFIER = vca.VidCallAppUITests;
				PRODUCT_NAME = "$(TARGET_NAME)";
				SWIFT_EMIT_LOC_STRINGS = NO;
				SWIFT_VERSION = 5.0;
				TARGETED_DEVICE_FAMILY = "1,2";
				TEST_TARGET_NAME = VidCallApp;
			};
			name = Debug;
		};
		EB5498282DA9F030009802DC /* Release */ = {
			isa = XCBuildConfiguration;
			buildSettings = {
				CODE_SIGN_STYLE = Automatic;
				CURRENT_PROJECT_VERSION = 1;
				GENERATE_INFOPLIST_FILE = YES;
				MARKETING_VERSION = 1.0;
				PRODUCT_BUNDLE_IDENTIFIER = vca.VidCallAppUITests;
				PRODUCT_NAME = "$(TARGET_NAME)";
				SWIFT_EMIT_LOC_STRINGS = NO;
				SWIFT_VERSION = 5.0;
				TARGETED_DEVICE_FAMILY = "1,2";
				TEST_TARGET_NAME = VidCallApp;
			};
			name = Release;
		};
/* End XCBuildConfiguration section */

/* Begin XCConfigurationList section */
		EB5497F52DA9F02E009802DC /* Build configuration list for PBXProject "Viddy" */ = {
			isa = XCConfigurationList;
			buildConfigurations = (
				EB54981E2DA9F030009802DC /* Debug */,
				EB54981F2DA9F030009802DC /* Release */,
			);
			defaultConfigurationIsVisible = 0;
			defaultConfigurationName = Release;
		};
		EB5498202DA9F030009802DC /* Build configuration list for PBXNativeTarget "VidCallApp" */ = {
			isa = XCConfigurationList;
			buildConfigurations = (
				EB5498212DA9F030009802DC /* Debug */,
				EB5498222DA9F030009802DC /* Release */,
			);
			defaultConfigurationIsVisible = 0;
			defaultConfigurationName = Release;
		};
		EB5498232DA9F030009802DC /* Build configuration list for PBXNativeTarget "VidCallAppTests" */ = {
			isa = XCConfigurationList;
			buildConfigurations = (
				EB5498242DA9F030009802DC /* Debug */,
				EB5498252DA9F030009802DC /* Release */,
			);
			defaultConfigurationIsVisible = 0;
			defaultConfigurationName = Release;
		};
		EB5498262DA9F030009802DC /* Build configuration list for PBXNativeTarget "VidCallAppUITests" */ = {
			isa = XCConfigurationList;
			buildConfigurations = (
				EB5498272DA9F030009802DC /* Debug */,
				EB5498282DA9F030009802DC /* Release */,
			);
			defaultConfigurationIsVisible = 0;
			defaultConfigurationName = Release;
		};
/* End XCConfigurationList section */

/* Begin XCRemoteSwiftPackageReference section */
		EB6C6A9F2DBF8533002962B1 /* XCRemoteSwiftPackageReference "firebase-ios-sdk" */ = {
			isa = XCRemoteSwiftPackageReference;
			repositoryURL = "https://github.com/firebase/firebase-ios-sdk.git";
			requirement = {
				kind = upToNextMajorVersion;
				minimumVersion = 11.12.0;
			};
		};
		EBD7D5A82DC192DC00806CB5 /* XCRemoteSwiftPackageReference "stripe-ios" */ = {
			isa = XCRemoteSwiftPackageReference;
			repositoryURL = "https://github.com/stripe/stripe-ios";
			requirement = {
				kind = upToNextMajorVersion;
				minimumVersion = 24.12.0;
			};
		};
/* End XCRemoteSwiftPackageReference section */

/* Begin XCSwiftPackageProductDependency section */
		EB6C6AA02DBF8533002962B1 /* FirebaseAuth */ = {
			isa = XCSwiftPackageProductDependency;
			package = EB6C6A9F2DBF8533002962B1 /* XCRemoteSwiftPackageReference "firebase-ios-sdk" */;
			productName = FirebaseAuth;
		};
		EB6C6AA22DBF8533002962B1 /* FirebaseFirestore */ = {
			isa = XCSwiftPackageProductDependency;
			package = EB6C6A9F2DBF8533002962B1 /* XCRemoteSwiftPackageReference "firebase-ios-sdk" */;
			productName = FirebaseFirestore;
		};
		EBD7D5A92DC192DC00806CB5 /* Stripe */ = {
			isa = XCSwiftPackageProductDependency;
			package = EBD7D5A82DC192DC00806CB5 /* XCRemoteSwiftPackageReference "stripe-ios" */;
			productName = Stripe;
		};
		EBD7D5AB2DC192DC00806CB5 /* StripeApplePay */ = {
			isa = XCSwiftPackageProductDependency;
			package = EBD7D5A82DC192DC00806CB5 /* XCRemoteSwiftPackageReference "stripe-ios" */;
			productName = StripeApplePay;
		};
		EBD7D5AD2DC192DC00806CB5 /* StripeCardScan */ = {
			isa = XCSwiftPackageProductDependency;
			package = EBD7D5A82DC192DC00806CB5 /* XCRemoteSwiftPackageReference "stripe-ios" */;
			productName = StripeCardScan;
		};
		EBD7D5AF2DC192DC00806CB5 /* StripeConnect */ = {
			isa = XCSwiftPackageProductDependency;
			package = EBD7D5A82DC192DC00806CB5 /* XCRemoteSwiftPackageReference "stripe-ios" */;
			productName = StripeConnect;
		};
		EBD7D5B12DC192DC00806CB5 /* StripeFinancialConnections */ = {
			isa = XCSwiftPackageProductDependency;
			package = EBD7D5A82DC192DC00806CB5 /* XCRemoteSwiftPackageReference "stripe-ios" */;
			productName = StripeFinancialConnections;
		};
/* End XCSwiftPackageProductDependency section */
	};
	rootObject = EB5497F22DA9F02E009802DC /* Project object */;
}
